
Microsoft Visual Studio Solution File, Format Version 12.00
# Visual Studio Version 17
VisualStudioVersion = 17.10.35122.118
MinimumVisualStudioVersion = 10.0.40219.1
Project("{FAE04EC0-301F-11D3-BF4B-00C04F79EFBC}") = "Promo Web", "Promo Web\Promo Web.csproj", "{5C80AABB-244E-4093-84AD-4A990D161717}"
EndProject
Project("{FAE04EC0-301F-11D3-BF4B-00C04F79EFBC}") = "dominio", "dominio\dominio.csproj", "{10ECC6FC-AF4D-4882-8D7D-A34F42CC1C41}"
EndProject
Global
	GlobalSection(SolutionConfigurationPlatforms) = preSolution
		Debug|Any CPU = Debug|Any CPU
		Release|Any CPU = Release|Any CPU
	EndGlobalSection
	GlobalSection(ProjectConfigurationPlatforms) = postSolution
		{5C80AABB-244E-4093-84AD-4A990D161717}.Debug|Any CPU.ActiveCfg = Debug|Any CPU
		{5C80AABB-244E-4093-84AD-4A990D161717}.Debug|Any CPU.Build.0 = Debug|Any CPU
		{5C80AABB-244E-4093-84AD-4A990D161717}.Release|Any CPU.ActiveCfg = Release|Any CPU
		{5C80AABB-244E-4093-84AD-4A990D161717}.Release|Any CPU.Build.0 = Release|Any CPU
		{10ECC6FC-AF4D-4882-8D7D-A34F42CC1C41}.Debug|Any CPU.ActiveCfg = Debug|Any CPU
		{10ECC6FC-AF4D-4882-8D7D-A34F42CC1C41}.Debug|Any CPU.Build.0 = Debug|Any CPU
		{10ECC6FC-AF4D-4882-8D7D-A34F42CC1C41}.Release|Any CPU.ActiveCfg = Release|Any CPU
		{10ECC6FC-AF4D-4882-8D7D-A34F42CC1C41}.Release|Any CPU.Build.0 = Release|Any CPU
	EndGlobalSection
	GlobalSection(SolutionProperties) = preSolution
		HideSolutionNode = FALSE
	EndGlobalSection
	GlobalSection(ExtensibilityGlobals) = postSolution
		SolutionGuid = {989E47FE-8B05-4101-B68A-63B43357F904}
	EndGlobalSection
EndGlobal
